// !$*UTF8*$!
{
	archiveVersion = 1;
	classes = {
	};
	objectVersion = 46;
	objects = {

/* Begin PBXBuildFile section */
		402147E51EE01BB50033955C /* AppDelegate.swift in Sources */ = {isa = PBXBuildFile; fileRef = 402147E41EE01BB50033955C /* AppDelegate.swift */; };
		402147E71EE01BB50033955C /* ViewController.swift in Sources */ = {isa = PBXBuildFile; fileRef = 402147E61EE01BB50033955C /* ViewController.swift */; };
		402147EA1EE01BB50033955C /* Main.storyboard in Resources */ = {isa = PBXBuildFile; fileRef = 402147E81EE01BB50033955C /* Main.storyboard */; };
		402147EC1EE01BB50033955C /* Assets.xcassets in Resources */ = {isa = PBXBuildFile; fileRef = 402147EB1EE01BB50033955C /* Assets.xcassets */; };
		402147EF1EE01BB50033955C /* LaunchScreen.storyboard in Resources */ = {isa = PBXBuildFile; fileRef = 402147ED1EE01BB50033955C /* LaunchScreen.storyboard */; };
		402147F71EE01F2E0033955C /* eminem_recovery_by_marshalleminem-d4oefgu.png in Resources */ = {isa = PBXBuildFile; fileRef = 402147F61EE01F2E0033955C /* eminem_recovery_by_marshalleminem-d4oefgu.png */; };
		402148051EE032E20033955C /* Phenomenal.mp3 in Resources */ = {isa = PBXBuildFile; fileRef = 402148041EE032E20033955C /* Phenomenal.mp3 */; };
		408BFDF81EE0949A00F94F1A /* fast-forward.png in Resources */ = {isa = PBXBuildFile; fileRef = 408BFDF51EE0949A00F94F1A /* fast-forward.png */; };
		408BFDF91EE0949A00F94F1A /* play-button(2).png in Resources */ = {isa = PBXBuildFile; fileRef = 408BFDF61EE0949A00F94F1A /* play-button(2).png */; };
		408BFDFA1EE0949A00F94F1A /* rewind.png in Resources */ = {isa = PBXBuildFile; fileRef = 408BFDF71EE0949A00F94F1A /* rewind.png */; };
		408BFDFD1EE0A30400F94F1A /* dot-and-circle.png in Resources */ = {isa = PBXBuildFile; fileRef = 408BFDFB1EE0A30400F94F1A /* dot-and-circle.png */; };
		408BFDFE1EE0A30400F94F1A /* speaker.png in Resources */ = {isa = PBXBuildFile; fileRef = 408BFDFC1EE0A30400F94F1A /* speaker.png */; };
		408BFE001EE0A46F00F94F1A /* dot-and-circle(1).png in Resources */ = {isa = PBXBuildFile; fileRef = 408BFDFF1EE0A46F00F94F1A /* dot-and-circle(1).png */; };
		408BFE021EE0A51800F94F1A /* speaker(1).png in Resources */ = {isa = PBXBuildFile; fileRef = 408BFE011EE0A51800F94F1A /* speaker(1).png */; };
		408BFE041EE0AA6400F94F1A /* pause(3).png in Resources */ = {isa = PBXBuildFile; fileRef = 408BFE031EE0AA6400F94F1A /* pause(3).png */; };
		40B61A861EE1412E0033CB16 /* Smack that.mp3 in Resources */ = {isa = PBXBuildFile; fileRef = 40B61A821EE1412E0033CB16 /* Smack that.mp3 */; };
		40B61A871EE1412E0033CB16 /* Beautiful.mp3 in Resources */ = {isa = PBXBuildFile; fileRef = 40B61A831EE1412E0033CB16 /* Beautiful.mp3 */; };
		40B61A881EE1412E0033CB16 /* Forever.mp3 in Resources */ = {isa = PBXBuildFile; fileRef = 40B61A841EE1412E0033CB16 /* Forever.mp3 */; };
		40B61A891EE1412E0033CB16 /* Guts Over Fear.mp3 in Resources */ = {isa = PBXBuildFile; fileRef = 40B61A851EE1412E0033CB16 /* Guts Over Fear.mp3 */; };
		40B61A8B1EE144020033CB16 /* music-player.png in Resources */ = {isa = PBXBuildFile; fileRef = 40B61A8A1EE144020033CB16 /* music-player.png */; };
		40B61A8D1EE144AC0033CB16 /* default.png in Resources */ = {isa = PBXBuildFile; fileRef = 40B61A8C1EE144AC0033CB16 /* default.png */; };
/* End PBXBuildFile section */

/* Begin PBXFileReference section */
		402147E11EE01BB50033955C /* MusicPlayer.app */ = {isa = PBXFileReference; explicitFileType = wrapper.application; includeInIndex = 0; path = MusicPlayer.app; sourceTree = BUILT_PRODUCTS_DIR; };
		402147E41EE01BB50033955C /* AppDelegate.swift */ = {isa = PBXFileReference; lastKnownFileType = sourcecode.swift; path = AppDelegate.swift; sourceTree = "<group>"; };
		402147E61EE01BB50033955C /* ViewController.swift */ = {isa = PBXFileReference; lastKnownFileType = sourcecode.swift; path = ViewController.swift; sourceTree = "<group>"; };
		402147E91EE01BB50033955C /* Base */ = {isa = PBXFileReference; lastKnownFileType = file.storyboard; name = Base; path = Base.lproj/Main.storyboard; sourceTree = "<group>"; };
		402147EB1EE01BB50033955C /* Assets.xcassets */ = {isa = PBXFileReference; lastKnownFileType = folder.assetcatalog; path = Assets.xcassets; sourceTree = "<group>"; };
		402147EE1EE01BB50033955C /* Base */ = {isa = PBXFileReference; lastKnownFileType = file.storyboard; name = Base; path = Base.lproj/LaunchScreen.storyboard; sourceTree = "<group>"; };
		402147F01EE01BB50033955C /* Info.plist */ = {isa = PBXFileReference; lastKnownFileType = text.plist.xml; path = Info.plist; sourceTree = "<group>"; };
		402147F61EE01F2E0033955C /* eminem_recovery_by_marshalleminem-d4oefgu.png */ = {isa = PBXFileReference; lastKnownFileType = image.png; name = "eminem_recovery_by_marshalleminem-d4oefgu.png"; path = "../../../../Downloads/eminem_recovery_by_marshalleminem-d4oefgu.png"; sourceTree = "<group>"; };
		402148041EE032E20033955C /* Phenomenal.mp3 */ = {isa = PBXFileReference; lastKnownFileType = audio.mp3; name = Phenomenal.mp3; path = ../../../Phenomenal.mp3; sourceTree = "<group>"; };
		408BFDF51EE0949A00F94F1A /* fast-forward.png */ = {isa = PBXFileReference; lastKnownFileType = image.png; name = "fast-forward.png"; path = "../../../../Downloads/fast-forward.png"; sourceTree = "<group>"; };
		408BFDF61EE0949A00F94F1A /* play-button(2).png */ = {isa = PBXFileReference; lastKnownFileType = image.png; name = "play-button(2).png"; path = "../../../../Downloads/play-button(2).png"; sourceTree = "<group>"; };
		408BFDF71EE0949A00F94F1A /* rewind.png */ = {isa = PBXFileReference; lastKnownFileType = image.png; name = rewind.png; path = ../../../../Downloads/rewind.png; sourceTree = "<group>"; };
		408BFDFB1EE0A30400F94F1A /* dot-and-circle.png */ = {isa = PBXFileReference; lastKnownFileType = image.png; name = "dot-and-circle.png"; path = "../../../../Downloads/dot-and-circle.png"; sourceTree = "<group>"; };
		408BFDFC1EE0A30400F94F1A /* speaker.png */ = {isa = PBXFileReference; lastKnownFileType = image.png; name = speaker.png; path = ../../../../Downloads/speaker.png; sourceTree = "<group>"; };
		408BFDFF1EE0A46F00F94F1A /* dot-and-circle(1).png */ = {isa = PBXFileReference; lastKnownFileType = image.png; name = "dot-and-circle(1).png"; path = "../../../../Downloads/dot-and-circle(1).png"; sourceTree = "<group>"; };
		408BFE011EE0A51800F94F1A /* speaker(1).png */ = {isa = PBXFileReference; lastKnownFileType = image.png; path = "speaker(1).png"; sourceTree = "<group>"; };
		408BFE031EE0AA6400F94F1A /* pause(3).png */ = {isa = PBXFileReference; lastKnownFileType = image.png; path = "pause(3).png"; sourceTree = "<group>"; };
		40B61A821EE1412E0033CB16 /* Smack that.mp3 */ = {isa = PBXFileReference; lastKnownFileType = audio.mp3; path = "Smack that.mp3"; sourceTree = "<group>"; };
		40B61A831EE1412E0033CB16 /* Beautiful.mp3 */ = {isa = PBXFileReference; lastKnownFileType = audio.mp3; path = Beautiful.mp3; sourceTree = "<group>"; };
		40B61A841EE1412E0033CB16 /* Forever.mp3 */ = {isa = PBXFileReference; lastKnownFileType = audio.mp3; path = Forever.mp3; sourceTree = "<group>"; };
		40B61A851EE1412E0033CB16 /* Guts Over Fear.mp3 */ = {isa = PBXFileReference; lastKnownFileType = audio.mp3; path = "Guts Over Fear.mp3"; sourceTree = "<group>"; };
		40B61A8A1EE144020033CB16 /* music-player.png */ = {isa = PBXFileReference; lastKnownFileType = image.png; path = "music-player.png"; sourceTree = "<group>"; };
		40B61A8C1EE144AC0033CB16 /* default.png */ = {isa = PBXFileReference; lastKnownFileType = image.png; path = default.png; sourceTree = "<group>"; };
/* End PBXFileReference section */

/* Begin PBXFrameworksBuildPhase section */
		402147DE1EE01BB50033955C /* Frameworks */ = {
			isa = PBXFrameworksBuildPhase;
			buildActionMask = 2147483647;
			files = (
			);
			runOnlyForDeploymentPostprocessing = 0;
		};
/* End PBXFrameworksBuildPhase section */

/* Begin PBXGroup section */
		402147D81EE01BB50033955C = {
			isa = PBXGroup;
			children = (
				402147E31EE01BB50033955C /* MusicPlayer */,
				402147E21EE01BB50033955C /* Products */,
			);
			sourceTree = "<group>";
		};
		402147E21EE01BB50033955C /* Products */ = {
			isa = PBXGroup;
			children = (
				402147E11EE01BB50033955C /* MusicPlayer.app */,
			);
			name = Products;
			sourceTree = "<group>";
		};
		402147E31EE01BB50033955C /* MusicPlayer */ = {
			isa = PBXGroup;
			children = (
				40B61A8C1EE144AC0033CB16 /* default.png */,
				40B61A8A1EE144020033CB16 /* music-player.png */,
				40B61A811EE1411A0033CB16 /* music */,
				408BFE031EE0AA6400F94F1A /* pause(3).png */,
				408BFE011EE0A51800F94F1A /* speaker(1).png */,
				408BFDFF1EE0A46F00F94F1A /* dot-and-circle(1).png */,
				408BFDFB1EE0A30400F94F1A /* dot-and-circle.png */,
				408BFDFC1EE0A30400F94F1A /* speaker.png */,
				408BFDF51EE0949A00F94F1A /* fast-forward.png */,
				408BFDF61EE0949A00F94F1A /* play-button(2).png */,
				408BFDF71EE0949A00F94F1A /* rewind.png */,
				402147F61EE01F2E0033955C /* eminem_recovery_by_marshalleminem-d4oefgu.png */,
				402147E41EE01BB50033955C /* AppDelegate.swift */,
				402147E61EE01BB50033955C /* ViewController.swift */,
				402147E81EE01BB50033955C /* Main.storyboard */,
				402147EB1EE01BB50033955C /* Assets.xcassets */,
				402147ED1EE01BB50033955C /* LaunchScreen.storyboard */,
				402147F01EE01BB50033955C /* Info.plist */,
			);
			path = MusicPlayer;
			sourceTree = "<group>";
		};
		40B61A811EE1411A0033CB16 /* music */ = {
			isa = PBXGroup;
			children = (
				402148041EE032E20033955C /* Phenomenal.mp3 */,
				40B61A821EE1412E0033CB16 /* Smack that.mp3 */,
				40B61A831EE1412E0033CB16 /* Beautiful.mp3 */,
				40B61A841EE1412E0033CB16 /* Forever.mp3 */,
				40B61A851EE1412E0033CB16 /* Guts Over Fear.mp3 */,
			);
			name = music;
			sourceTree = "<group>";
		};
/* End PBXGroup section */

/* Begin PBXNativeTarget section */
		402147E01EE01BB50033955C /* MusicPlayer */ = {
			isa = PBXNativeTarget;
			buildConfigurationList = 402147F31EE01BB50033955C /* Build configuration list for PBXNativeTarget "MusicPlayer" */;
			buildPhases = (
				402147DD1EE01BB50033955C /* Sources */,
				402147DE1EE01BB50033955C /* Frameworks */,
				402147DF1EE01BB50033955C /* Resources */,
			);
			buildRules = (
			);
			dependencies = (
			);
			name = MusicPlayer;
			productName = MusicPlayer;
			productReference = 402147E11EE01BB50033955C /* MusicPlayer.app */;
			productType = "com.apple.product-type.application";
		};
/* End PBXNativeTarget section */

/* Begin PBXProject section */
		402147D91EE01BB50033955C /* Project object */ = {
			isa = PBXProject;
			attributes = {
				LastSwiftUpdateCheck = 0830;
				LastUpgradeCheck = 0830;
				ORGANIZATIONNAME = "Aditya Gurjar";
				TargetAttributes = {
					402147E01EE01BB50033955C = {
						CreatedOnToolsVersion = 8.3.2;
						ProvisioningStyle = Automatic;
					};
				};
			};
			buildConfigurationList = 402147DC1EE01BB50033955C /* Build configuration list for PBXProject "MusicPlayer" */;
			compatibilityVersion = "Xcode 3.2";
			developmentRegion = English;
			hasScannedForEncodings = 0;
			knownRegions = (
				en,
				Base,
			);
			mainGroup = 402147D81EE01BB50033955C;
			productRefGroup = 402147E21EE01BB50033955C /* Products */;
			projectDirPath = "";
			projectRoot = "";
			targets = (
				402147E01EE01BB50033955C /* MusicPlayer */,
			);
		};
/* End PBXProject section */

/* Begin PBXResourcesBuildPhase section */
		402147DF1EE01BB50033955C /* Resources */ = {
			isa = PBXResourcesBuildPhase;
			buildActionMask = 2147483647;
			files = (
				402147F71EE01F2E0033955C /* eminem_recovery_by_marshalleminem-d4oefgu.png in Resources */,
				40B61A891EE1412E0033CB16 /* Guts Over Fear.mp3 in Resources */,
				40B61A8B1EE144020033CB16 /* music-player.png in Resources */,
				408BFDF81EE0949A00F94F1A /* fast-forward.png in Resources */,
				408BFE021EE0A51800F94F1A /* speaker(1).png in Resources */,
				40B61A8D1EE144AC0033CB16 /* default.png in Resources */,
				40B61A861EE1412E0033CB16 /* Smack that.mp3 in Resources */,
				402147EF1EE01BB50033955C /* LaunchScreen.storyboard in Resources */,
				408BFE001EE0A46F00F94F1A /* dot-and-circle(1).png in Resources */,
				408BFDFA1EE0949A00F94F1A /* rewind.png in Resources */,
				408BFDF91EE0949A00F94F1A /* play-button(2).png in Resources */,
				408BFDFD1EE0A30400F94F1A /* dot-and-circle.png in Resources */,
				408BFE041EE0AA6400F94F1A /* pause(3).png in Resources */,
				402148051EE032E20033955C /* Phenomenal.mp3 in Resources */,
				402147EC1EE01BB50033955C /* Assets.xcassets in Resources */,
				402147EA1EE01BB50033955C /* Main.storyboard in Resources */,
				408BFDFE1EE0A30400F94F1A /* speaker.png in Resources */,
				40B61A881EE1412E0033CB16 /* Forever.mp3 in Resources */,
				40B61A871EE1412E0033CB16 /* Beautiful.mp3 in Resources */,
			);
			runOnlyForDeploymentPostprocessing = 0;
		};
/* End PBXResourcesBuildPhase section */

/* Begin PBXSourcesBuildPhase section */
		402147DD1EE01BB50033955C /* Sources */ = {
			isa = PBXSourcesBuildPhase;
			buildActionMask = 2147483647;
			files = (
				402147E71EE01BB50033955C /* ViewController.swift in Sources */,
				402147E51EE01BB50033955C /* AppDelegate.swift in Sources */,
			);
			runOnlyForDeploymentPostprocessing = 0;
		};
/* End PBXSourcesBuildPhase section */

/* Begin PBXVariantGroup section */
		402147E81EE01BB50033955C /* Main.storyboard */ = {
			isa = PBXVariantGroup;
			children = (
				402147E91EE01BB50033955C /* Base */,
			);
			name = Main.storyboard;
			sourceTree = "<group>";
		};
		402147ED1EE01BB50033955C /* LaunchScreen.storyboard */ = {
			isa = PBXVariantGroup;
			children = (
				402147EE1EE01BB50033955C /* Base */,
			);
			name = LaunchScreen.storyboard;
			sourceTree = "<group>";
		};
/* End PBXVariantGroup section */

/* Begin XCBuildConfiguration section */
		402147F11EE01BB50033955C /* Debug */ = {
			isa = XCBuildConfiguration;
			buildSettings = {
				ALWAYS_SEARCH_USER_PATHS = NO;
				CLANG_ANALYZER_NONNULL = YES;
				CLANG_ANALYZER_NUMBER_OBJECT_CONVERSION = YES_AGGRESSIVE;
				CLANG_CXX_LANGUAGE_STANDARD = "gnu++0x";
				CLANG_CXX_LIBRARY = "libc++";
				CLANG_ENABLE_MODULES = YES;
				CLANG_ENABLE_OBJC_ARC = YES;
				CLANG_WARN_BOOL_CONVERSION = YES;
				CLANG_WARN_CONSTANT_CONVERSION = YES;
				CLANG_WARN_DIRECT_OBJC_ISA_USAGE = YES_ERROR;
				CLANG_WARN_DOCUMENTATION_COMMENTS = YES;
				CLANG_WARN_EMPTY_BODY = YES;
				CLANG_WARN_ENUM_CONVERSION = YES;
				CLANG_WARN_INFINITE_RECURSION = YES;
				CLANG_WARN_INT_CONVERSION = YES;
				CLANG_WARN_OBJC_ROOT_CLASS = YES_ERROR;
				CLANG_WARN_SUSPICIOUS_MOVE = YES;
				CLANG_WARN_UNREACHABLE_CODE = YES;
				CLANG_WARN__DUPLICATE_METHOD_MATCH = YES;
				"CODE_SIGN_IDENTITY[sdk=iphoneos*]" = "iPhone Developer";
				COPY_PHASE_STRIP = NO;
				DEBUG_INFORMATION_FORMAT = dwarf;
				ENABLE_STRICT_OBJC_MSGSEND = YES;
				ENABLE_TESTABILITY = YES;
				GCC_C_LANGUAGE_STANDARD = gnu99;
				GCC_DYNAMIC_NO_PIC = NO;
				GCC_NO_COMMON_BLOCKS = YES;
				GCC_OPTIMIZATION_LEVEL = 0;
				GCC_PREPROCESSOR_DEFINITIONS = (
					"DEBUG=1",
					"$(inherited)",
				);
				GCC_WARN_64_TO_32_BIT_CONVERSION = YES;
				GCC_WARN_ABOUT_RETURN_TYPE = YES_ERROR;
				GCC_WARN_UNDECLARED_SELECTOR = YES;
				GCC_WARN_UNINITIALIZED_AUTOS = YES_AGGRESSIVE;
				GCC_WARN_UNUSED_FUNCTION = YES;
				GCC_WARN_UNUSED_VARIABLE = YES;
				IPHONEOS_DEPLOYMENT_TARGET = 10.3;
				MTL_ENABLE_DEBUG_INFO = YES;
				ONLY_ACTIVE_ARCH = YES;
				SDKROOT = iphoneos;
				SWIFT_ACTIVE_COMPILATION_CONDITIONS = DEBUG;
				SWIFT_OPTIMIZATION_LEVEL = "-Onone";
			};
			name = Debug;
		};
		402147F21EE01BB50033955C /* Release */ = {
			isa = XCBuildConfiguration;
			buildSettings = {
				ALWAYS_SEARCH_USER_PATHS = NO;
				CLANG_ANALYZER_NONNULL = YES;
				CLANG_ANALYZER_NUMBER_OBJECT_CONVERSION = YES_AGGRESSIVE;
				CLANG_CXX_LANGUAGE_STANDARD = "gnu++0x";
				CLANG_CXX_LIBRARY = "libc++";
				CLANG_ENABLE_MODULES = YES;
				CLANG_ENABLE_OBJC_ARC = YES;
				CLANG_WARN_BOOL_CONVERSION = YES;
				CLANG_WARN_CONSTANT_CONVERSION = YES;
				CLANG_WARN_DIRECT_OBJC_ISA_USAGE = YES_ERROR;
				CLANG_WARN_DOCUMENTATION_COMMENTS = YES;
				CLANG_WARN_EMPTY_BODY = YES;
				CLANG_WARN_ENUM_CONVERSION = YES;
				CLANG_WARN_INFINITE_RECURSION = YES;
				CLANG_WARN_INT_CONVERSION = YES;
				CLANG_WARN_OBJC_ROOT_CLASS = YES_ERROR;
				CLANG_WARN_SUSPICIOUS_MOVE = YES;
				CLANG_WARN_UNREACHABLE_CODE = YES;
				CLANG_WARN__DUPLICATE_METHOD_MATCH = YES;
				"CODE_SIGN_IDENTITY[sdk=iphoneos*]" = "iPhone Developer";
				COPY_PHASE_STRIP = NO;
				DEBUG_INFORMATION_FORMAT = "dwarf-with-dsym";
				ENABLE_NS_ASSERTIONS = NO;
				ENABLE_STRICT_OBJC_MSGSEND = YES;
				GCC_C_LANGUAGE_STANDARD = gnu99;
				GCC_NO_COMMON_BLOCKS = YES;
				GCC_WARN_64_TO_32_BIT_CONVERSION = YES;
				GCC_WARN_ABOUT_RETURN_TYPE = YES_ERROR;
				GCC_WARN_UNDECLARED_SELECTOR = YES;
				GCC_WARN_UNINITIALIZED_AUTOS = YES_AGGRESSIVE;
				GCC_WARN_UNUSED_FUNCTION = YES;
				GCC_WARN_UNUSED_VARIABLE = YES;
				IPHONEOS_DEPLOYMENT_TARGET = 10.3;
				MTL_ENABLE_DEBUG_INFO = NO;
				SDKROOT = iphoneos;
				SWIFT_OPTIMIZATION_LEVEL = "-Owholemodule";
				VALIDATE_PRODUCT = YES;
			};
			name = Release;
		};
		402147F41EE01BB50033955C /* Debug */ = {
			isa = XCBuildConfiguration;
			buildSettings = {
				ASSETCATALOG_COMPILER_APPICON_NAME = AppIcon;
				INFOPLIST_FILE = MusicPlayer/Info.plist;
				LD_RUNPATH_SEARCH_PATHS = "$(inherited) @executable_path/Frameworks";
				PRODUCT_BUNDLE_IDENTIFIER = test.MusicPlayer;
				PRODUCT_NAME = "$(TARGET_NAME)";
				SWIFT_VERSION = 3.0;
			};
			name = Debug;
		};
		402147F51EE01BB50033955C /* Release */ = {
			isa = XCBuildConfiguration;
			buildSettings = {
				ASSETCATALOG_COMPILER_APPICON_NAME = AppIcon;
				INFOPLIST_FILE = MusicPlayer/Info.plist;
				LD_RUNPATH_SEARCH_PATHS = "$(inherited) @executable_path/Frameworks";
				PRODUCT_BUNDLE_IDENTIFIER = test.MusicPlayer;
				PRODUCT_NAME = "$(TARGET_NAME)";
				SWIFT_VERSION = 3.0;
			};
			name = Release;
		};
/* End XCBuildConfiguration section */

/* Begin XCConfigurationList section */
		402147DC1EE01BB50033955C /* Build configuration list for PBXProject "MusicPlayer" */ = {
			isa = XCConfigurationList;
			buildConfigurations = (
				402147F11EE01BB50033955C /* Debug */,
				402147F21EE01BB50033955C /* Release */,
			);
			defaultConfigurationIsVisible = 0;
			defaultConfigurationName = Release;
		};
		402147F31EE01BB50033955C /* Build configuration list for PBXNativeTarget "MusicPlayer" */ = {
			isa = XCConfigurationList;
			buildConfigurations = (
				402147F41EE01BB50033955C /* Debug */,
				402147F51EE01BB50033955C /* Release */,
			);
			defaultConfigurationIsVisible = 0;
			defaultConfigurationName = Release;
		};
/* End XCConfigurationList section */
	};
	rootObject = 402147D91EE01BB50033955C /* Project object */;
}
